
Microsoft Visual Studio Solution File, Format Version 12.00
# Visual Studio 15
Project("{FAE04EC0-301F-11D3-BF4B-00C04F79EFBC}") = "Assembly-CSharp", "Assembly-CSharp.csproj", "{32A92A8D-3E51-6601-3981-F25B79785198}"
EndProject
Project("{FAE04EC0-301F-11D3-BF4B-00C04F79EFBC}") = "Assembly-CSharp-Editor", "Assembly-CSharp-Editor.csproj", "{0E87FCD3-F91C-2998-6B72-23DCA3D418A8}"
EndProject
Global
	GlobalSection(SolutionConfigurationPlatforms) = preSolution
		Debug|Any CPU = Debug|Any CPU
		Release|Any CPU = Release|Any CPU
	EndGlobalSection
	GlobalSection(ProjectConfigurationPlatforms) = postSolution
		{32A92A8D-3E51-6601-3981-F25B79785198}.Debug|Any CPU.ActiveCfg = Debug|Any CPU
		{32A92A8D-3E51-6601-3981-F25B79785198}.Debug|Any CPU.Build.0 = Debug|Any CPU
		{32A92A8D-3E51-6601-3981-F25B79785198}.Release|Any CPU.ActiveCfg = Release|Any CPU
		{32A92A8D-3E51-6601-3981-F25B79785198}.Release|Any CPU.Build.0 = Release|Any CPU
		{0E87FCD3-F91C-2998-6B72-23DCA3D418A8}.Debug|Any CPU.ActiveCfg = Debug|Any CPU
		{0E87FCD3-F91C-2998-6B72-23DCA3D418A8}.Debug|Any CPU.Build.0 = Debug|Any CPU
		{0E87FCD3-F91C-2998-6B72-23DCA3D418A8}.Release|Any CPU.ActiveCfg = Release|Any CPU
		{0E87FCD3-F91C-2998-6B72-23DCA3D418A8}.Release|Any CPU.Build.0 = Release|Any CPU
	EndGlobalSection
	GlobalSection(SolutionProperties) = preSolution
		HideSolutionNode = FALSE
	EndGlobalSection
EndGlobal
